
Microsoft Visual Studio Solution File, Format Version 12.00
# Visual Studio Version 17
VisualStudioVersion = 17.3.32811.315
MinimumVisualStudioVersion = 10.0.40219.1
Project("{FAE04EC0-301F-11D3-BF4B-00C04F79EFBC}") = "Batch1-DET-2022", "Batch1-DET-2022\Batch1-DET-2022.csproj", "{97FEE6B6-6ABD-457F-9303-638906862B2E}"
EndProject
Global
	GlobalSection(SolutionConfigurationPlatforms) = preSolution
		Debug|Any CPU = Debug|Any CPU
		Release|Any CPU = Release|Any CPU
	EndGlobalSection
	GlobalSection(ProjectConfigurationPlatforms) = postSolution
		{97FEE6B6-6ABD-457F-9303-638906862B2E}.Debug|Any CPU.ActiveCfg = Debug|Any CPU
		{97FEE6B6-6ABD-457F-9303-638906862B2E}.Debug|Any CPU.Build.0 = Debug|Any CPU
		{97FEE6B6-6ABD-457F-9303-638906862B2E}.Release|Any CPU.ActiveCfg = Release|Any CPU
		{97FEE6B6-6ABD-457F-9303-638906862B2E}.Release|Any CPU.Build.0 = Release|Any CPU
	EndGlobalSection
	GlobalSection(SolutionProperties) = preSolution
		HideSolutionNode = FALSE
	EndGlobalSection
	GlobalSection(ExtensibilityGlobals) = postSolution
		SolutionGuid = {711B91DD-1E5B-4AE3-BC31-E7DEBEAE4975}
	EndGlobalSection
EndGlobal
